
Microsoft Visual Studio Solution File, Format Version 12.00
# Visual Studio Version 17
VisualStudioVersion = 17.5.002.0
MinimumVisualStudioVersion = 10.0.40219.1
Project("{9A19103F-16F7-4668-BE54-9A1E7A4F7556}") = "AWSAppHost", "AWSAppHost.csproj", "{C2C14AF1-3C49-438B-AB10-1A8F436F1F0C}"
EndProject
Global
	GlobalSection(SolutionConfigurationPlatforms) = preSolution
		Debug|Any CPU = Debug|Any CPU
		Release|Any CPU = Release|Any CPU
	EndGlobalSection
	GlobalSection(ProjectConfigurationPlatforms) = postSolution
		{C2C14AF1-3C49-438B-AB10-1A8F436F1F0C}.Debug|Any CPU.ActiveCfg = Debug|Any CPU
		{C2C14AF1-3C49-438B-AB10-1A8F436F1F0C}.Debug|Any CPU.Build.0 = Debug|Any CPU
		{C2C14AF1-3C49-438B-AB10-1A8F436F1F0C}.Release|Any CPU.ActiveCfg = Release|Any CPU
		{C2C14AF1-3C49-438B-AB10-1A8F436F1F0C}.Release|Any CPU.Build.0 = Release|Any CPU
	EndGlobalSection
	GlobalSection(SolutionProperties) = preSolution
		HideSolutionNode = FALSE
	EndGlobalSection
	GlobalSection(ExtensibilityGlobals) = postSolution
		SolutionGuid = {E82ACC8A-E0E5-4B58-A061-C90AADA2CDF7}
	EndGlobalSection
EndGlobal
